
Microsoft Visual Studio Solution File, Format Version 12.00
# Visual Studio Version 17
VisualStudioVersion = 17.7.34221.43
MinimumVisualStudioVersion = 10.0.40219.1
Project("{FAE04EC0-301F-11D3-BF4B-00C04F79EFBC}") = "GrafosConsoleApp", "GrafosConsoleApp.csproj", "{8A3A118D-5368-4380-BAB6-539CD6127FCD}"
EndProject
Global
	GlobalSection(SolutionConfigurationPlatforms) = preSolution
		Debug|Any CPU = Debug|Any CPU
		Release|Any CPU = Release|Any CPU
	EndGlobalSection
	GlobalSection(ProjectConfigurationPlatforms) = postSolution
		{8A3A118D-5368-4380-BAB6-539CD6127FCD}.Debug|Any CPU.ActiveCfg = Debug|Any CPU
		{8A3A118D-5368-4380-BAB6-539CD6127FCD}.Debug|Any CPU.Build.0 = Debug|Any CPU
		{8A3A118D-5368-4380-BAB6-539CD6127FCD}.Release|Any CPU.ActiveCfg = Release|Any CPU
		{8A3A118D-5368-4380-BAB6-539CD6127FCD}.Release|Any CPU.Build.0 = Release|Any CPU
	EndGlobalSection
	GlobalSection(SolutionProperties) = preSolution
		HideSolutionNode = FALSE
	EndGlobalSection
	GlobalSection(ExtensibilityGlobals) = postSolution
		SolutionGuid = {DD19153B-5107-4931-9ED4-9EAE88EC109F}
	EndGlobalSection
EndGlobal
